// !$*UTF8*$!
{
	archiveVersion = 1;
	classes = {
	};
	objectVersion = 46;
	objects = {

/* Begin PBXBuildFile section */
		F9E944C9193E2272008781F4 /* AppDelegate.swift in Sources */ = {isa = PBXBuildFile; fileRef = F9E944C8193E2272008781F4 /* AppDelegate.swift */; };
		F9E944CB193E2272008781F4 /* ViewController.swift in Sources */ = {isa = PBXBuildFile; fileRef = F9E944CA193E2272008781F4 /* ViewController.swift */; };
		F9E944CE193E2272008781F4 /* Main.storyboard in Resources */ = {isa = PBXBuildFile; fileRef = F9E944CC193E2272008781F4 /* Main.storyboard */; };
		F9E944D0193E2272008781F4 /* Images.xcassets in Resources */ = {isa = PBXBuildFile; fileRef = F9E944CF193E2272008781F4 /* Images.xcassets */; };
		F9E944DC193E2272008781F4 /* MorseTests.swift in Sources */ = {isa = PBXBuildFile; fileRef = F9E944DB193E2272008781F4 /* MorseTests.swift */; };
/* End PBXBuildFile section */

/* Begin PBXContainerItemProxy section */
		F9E944D6193E2272008781F4 /* PBXContainerItemProxy */ = {
			isa = PBXContainerItemProxy;
			containerPortal = F9E944BB193E2272008781F4 /* Project object */;
			proxyType = 1;
			remoteGlobalIDString = F9E944C2193E2272008781F4;
			remoteInfo = Morse;
		};
/* End PBXContainerItemProxy section */

/* Begin PBXFileReference section */
		F9E944C3193E2272008781F4 /* Morse.app */ = {isa = PBXFileReference; explicitFileType = wrapper.application; includeInIndex = 0; path = Morse.app; sourceTree = BUILT_PRODUCTS_DIR; };
		F9E944C7193E2272008781F4 /* Info.plist */ = {isa = PBXFileReference; lastKnownFileType = text.plist.xml; path = Info.plist; sourceTree = "<group>"; };
		F9E944C8193E2272008781F4 /* AppDelegate.swift */ = {isa = PBXFileReference; lastKnownFileType = sourcecode.swift; path = AppDelegate.swift; sourceTree = "<group>"; };
		F9E944CA193E2272008781F4 /* ViewController.swift */ = {isa = PBXFileReference; lastKnownFileType = sourcecode.swift; path = ViewController.swift; sourceTree = "<group>"; };
		F9E944CD193E2272008781F4 /* Base */ = {isa = PBXFileReference; lastKnownFileType = file.storyboard; name = Base; path = Base.lproj/Main.storyboard; sourceTree = "<group>"; };
		F9E944CF193E2272008781F4 /* Images.xcassets */ = {isa = PBXFileReference; lastKnownFileType = folder.assetcatalog; path = Images.xcassets; sourceTree = "<group>"; };
		F9E944D5193E2272008781F4 /* MorseTests.xctest */ = {isa = PBXFileReference; explicitFileType = wrapper.cfbundle; includeInIndex = 0; path = MorseTests.xctest; sourceTree = BUILT_PRODUCTS_DIR; };
		F9E944DA193E2272008781F4 /* Info.plist */ = {isa = PBXFileReference; lastKnownFileType = text.plist.xml; path = Info.plist; sourceTree = "<group>"; };
		F9E944DB193E2272008781F4 /* MorseTests.swift */ = {isa = PBXFileReference; lastKnownFileType = sourcecode.swift; path = MorseTests.swift; sourceTree = "<group>"; };
/* End PBXFileReference section */

/* Begin PBXFrameworksBuildPhase section */
		F9E944C0193E2272008781F4 /* Frameworks */ = {
			isa = PBXFrameworksBuildPhase;
			buildActionMask = 2147483647;
			files = (
			);
			runOnlyForDeploymentPostprocessing = 0;
		};
		F9E944D2193E2272008781F4 /* Frameworks */ = {
			isa = PBXFrameworksBuildPhase;
			buildActionMask = 2147483647;
			files = (
			);
			runOnlyForDeploymentPostprocessing = 0;
		};
/* End PBXFrameworksBuildPhase section */

/* Begin PBXGroup section */
		F9E944BA193E2272008781F4 = {
			isa = PBXGroup;
			children = (
				F9E944C5193E2272008781F4 /* Morse */,
				F9E944D8193E2272008781F4 /* MorseTests */,
				F9E944C4193E2272008781F4 /* Products */,
			);
			sourceTree = "<group>";
		};
		F9E944C4193E2272008781F4 /* Products */ = {
			isa = PBXGroup;
			children = (
				F9E944C3193E2272008781F4 /* Morse.app */,
				F9E944D5193E2272008781F4 /* MorseTests.xctest */,
			);
			name = Products;
			sourceTree = "<group>";
		};
		F9E944C5193E2272008781F4 /* Morse */ = {
			isa = PBXGroup;
			children = (
				F9E944C8193E2272008781F4 /* AppDelegate.swift */,
				F9E944CA193E2272008781F4 /* ViewController.swift */,
				F9E944CC193E2272008781F4 /* Main.storyboard */,
				F9E944CF193E2272008781F4 /* Images.xcassets */,
				F9E944C6193E2272008781F4 /* Supporting Files */,
			);
			path = Morse;
			sourceTree = "<group>";
		};
		F9E944C6193E2272008781F4 /* Supporting Files */ = {
			isa = PBXGroup;
			children = (
				F9E944C7193E2272008781F4 /* Info.plist */,
			);
			name = "Supporting Files";
			sourceTree = "<group>";
		};
		F9E944D8193E2272008781F4 /* MorseTests */ = {
			isa = PBXGroup;
			children = (
				F9E944DB193E2272008781F4 /* MorseTests.swift */,
				F9E944D9193E2272008781F4 /* Supporting Files */,
			);
			path = MorseTests;
			sourceTree = "<group>";
		};
		F9E944D9193E2272008781F4 /* Supporting Files */ = {
			isa = PBXGroup;
			children = (
				F9E944DA193E2272008781F4 /* Info.plist */,
			);
			name = "Supporting Files";
			sourceTree = "<group>";
		};
/* End PBXGroup section */

/* Begin PBXNativeTarget section */
		F9E944C2193E2272008781F4 /* Morse */ = {
			isa = PBXNativeTarget;
			buildConfigurationList = F9E944DF193E2272008781F4 /* Build configuration list for PBXNativeTarget "Morse" */;
			buildPhases = (
				F9E944BF193E2272008781F4 /* Sources */,
				F9E944C0193E2272008781F4 /* Frameworks */,
				F9E944C1193E2272008781F4 /* Resources */,
			);
			buildRules = (
			);
			dependencies = (
			);
			name = Morse;
			productName = Morse;
			productReference = F9E944C3193E2272008781F4 /* Morse.app */;
			productType = "com.apple.product-type.application";
		};
		F9E944D4193E2272008781F4 /* MorseTests */ = {
			isa = PBXNativeTarget;
			buildConfigurationList = F9E944E2193E2272008781F4 /* Build configuration list for PBXNativeTarget "MorseTests" */;
			buildPhases = (
				F9E944D1193E2272008781F4 /* Sources */,
				F9E944D2193E2272008781F4 /* Frameworks */,
				F9E944D3193E2272008781F4 /* Resources */,
			);
			buildRules = (
			);
			dependencies = (
				F9E944D7193E2272008781F4 /* PBXTargetDependency */,
			);
			name = MorseTests;
			productName = MorseTests;
			productReference = F9E944D5193E2272008781F4 /* MorseTests.xctest */;
			productType = "com.apple.product-type.bundle.unit-test";
		};
/* End PBXNativeTarget section */

/* Begin PBXProject section */
		F9E944BB193E2272008781F4 /* Project object */ = {
			isa = PBXProject;
			attributes = {
				LastUpgradeCheck = 0600;
				ORGANIZATIONNAME = Steffen;
				TargetAttributes = {
					F9E944C2193E2272008781F4 = {
						CreatedOnToolsVersion = 6.0;
					};
					F9E944D4193E2272008781F4 = {
						CreatedOnToolsVersion = 6.0;
						TestTargetID = F9E944C2193E2272008781F4;
					};
				};
			};
			buildConfigurationList = F9E944BE193E2272008781F4 /* Build configuration list for PBXProject "Morse" */;
			compatibilityVersion = "Xcode 3.2";
			developmentRegion = English;
			hasScannedForEncodings = 0;
			knownRegions = (
				en,
				Base,
			);
			mainGroup = F9E944BA193E2272008781F4;
			productRefGroup = F9E944C4193E2272008781F4 /* Products */;
			projectDirPath = "";
			projectRoot = "";
			targets = (
				F9E944C2193E2272008781F4 /* Morse */,
				F9E944D4193E2272008781F4 /* MorseTests */,
			);
		};
/* End PBXProject section */

/* Begin PBXResourcesBuildPhase section */
		F9E944C1193E2272008781F4 /* Resources */ = {
			isa = PBXResourcesBuildPhase;
			buildActionMask = 2147483647;
			files = (
				F9E944CE193E2272008781F4 /* Main.storyboard in Resources */,
				F9E944D0193E2272008781F4 /* Images.xcassets in Resources */,
			);
			runOnlyForDeploymentPostprocessing = 0;
		};
		F9E944D3193E2272008781F4 /* Resources */ = {
			isa = PBXResourcesBuildPhase;
			buildActionMask = 2147483647;
			files = (
			);
			runOnlyForDeploymentPostprocessing = 0;
		};
/* End PBXResourcesBuildPhase section */

/* Begin PBXSourcesBuildPhase section */
		F9E944BF193E2272008781F4 /* Sources */ = {
			isa = PBXSourcesBuildPhase;
			buildActionMask = 2147483647;
			files = (
				F9E944CB193E2272008781F4 /* ViewController.swift in Sources */,
				F9E944C9193E2272008781F4 /* AppDelegate.swift in Sources */,
			);
			runOnlyForDeploymentPostprocessing = 0;
		};
		F9E944D1193E2272008781F4 /* Sources */ = {
			isa = PBXSourcesBuildPhase;
			buildActionMask = 2147483647;
			files = (
				F9E944DC193E2272008781F4 /* MorseTests.swift in Sources */,
			);
			runOnlyForDeploymentPostprocessing = 0;
		};
/* End PBXSourcesBuildPhase section */

/* Begin PBXTargetDependency section */
		F9E944D7193E2272008781F4 /* PBXTargetDependency */ = {
			isa = PBXTargetDependency;
			target = F9E944C2193E2272008781F4 /* Morse */;
			targetProxy = F9E944D6193E2272008781F4 /* PBXContainerItemProxy */;
		};
/* End PBXTargetDependency section */

/* Begin PBXVariantGroup section */
		F9E944CC193E2272008781F4 /* Main.storyboard */ = {
			isa = PBXVariantGroup;
			children = (
				F9E944CD193E2272008781F4 /* Base */,
			);
			name = Main.storyboard;
			sourceTree = "<group>";
		};
/* End PBXVariantGroup section */

/* Begin XCBuildConfiguration section */
		F9E944DD193E2272008781F4 /* Debug */ = {
			isa = XCBuildConfiguration;
			buildSettings = {
				ALWAYS_SEARCH_USER_PATHS = NO;
				CLANG_CXX_LANGUAGE_STANDARD = "gnu++0x";
				CLANG_CXX_LIBRARY = "libc++";
				CLANG_ENABLE_MODULES = YES;
				CLANG_ENABLE_OBJC_ARC = YES;
				CLANG_WARN_BOOL_CONVERSION = YES;
				CLANG_WARN_CONSTANT_CONVERSION = YES;
				CLANG_WARN_DIRECT_OBJC_ISA_USAGE = YES_ERROR;
				CLANG_WARN_EMPTY_BODY = YES;
				CLANG_WARN_ENUM_CONVERSION = YES;
				CLANG_WARN_INT_CONVERSION = YES;
				CLANG_WARN_OBJC_ROOT_CLASS = YES_ERROR;
				CLANG_WARN_UNREACHABLE_CODE = YES;
				CLANG_WARN__DUPLICATE_METHOD_MATCH = YES;
				"CODE_SIGN_IDENTITY[sdk=iphoneos*]" = "iPhone Developer";
				COPY_PHASE_STRIP = NO;
				ENABLE_STRICT_OBJC_MSGSEND = YES;
				GCC_C_LANGUAGE_STANDARD = gnu99;
				GCC_DYNAMIC_NO_PIC = NO;
				GCC_OPTIMIZATION_LEVEL = 0;
				GCC_PREPROCESSOR_DEFINITIONS = (
					"DEBUG=1",
					"$(inherited)",
				);
				GCC_SYMBOLS_PRIVATE_EXTERN = NO;
				GCC_WARN_64_TO_32_BIT_CONVERSION = YES;
				GCC_WARN_ABOUT_RETURN_TYPE = YES_ERROR;
				GCC_WARN_UNDECLARED_SELECTOR = YES;
				GCC_WARN_UNINITIALIZED_AUTOS = YES_AGGRESSIVE;
				GCC_WARN_UNUSED_FUNCTION = YES;
				GCC_WARN_UNUSED_VARIABLE = YES;
				IPHONEOS_DEPLOYMENT_TARGET = 8.0;
				METAL_ENABLE_DEBUG_INFO = YES;
				ONLY_ACTIVE_ARCH = YES;
				SDKROOT = iphoneos;
				SWIFT_OPTIMIZATION_LEVEL = "-Onone";
			};
			name = Debug;
		};
		F9E944DE193E2272008781F4 /* Release */ = {
			isa = XCBuildConfiguration;
			buildSettings = {
				ALWAYS_SEARCH_USER_PATHS = NO;
				CLANG_CXX_LANGUAGE_STANDARD = "gnu++0x";
				CLANG_CXX_LIBRARY = "libc++";
				CLANG_ENABLE_MODULES = YES;
				CLANG_ENABLE_OBJC_ARC = YES;
				CLANG_WARN_BOOL_CONVERSION = YES;
				CLANG_WARN_CONSTANT_CONVERSION = YES;
				CLANG_WARN_DIRECT_OBJC_ISA_USAGE = YES_ERROR;
				CLANG_WARN_EMPTY_BODY = YES;
				CLANG_WARN_ENUM_CONVERSION = YES;
				CLANG_WARN_INT_CONVERSION = YES;
				CLANG_WARN_OBJC_ROOT_CLASS = YES_ERROR;
				CLANG_WARN_UNREACHABLE_CODE = YES;
				CLANG_WARN__DUPLICATE_METHOD_MATCH = YES;
				"CODE_SIGN_IDENTITY[sdk=iphoneos*]" = "iPhone Developer";
				COPY_PHASE_STRIP = YES;
				ENABLE_NS_ASSERTIONS = NO;
				ENABLE_STRICT_OBJC_MSGSEND = YES;
				GCC_C_LANGUAGE_STANDARD = gnu99;
				GCC_WARN_64_TO_32_BIT_CONVERSION = YES;
				GCC_WARN_ABOUT_RETURN_TYPE = YES_ERROR;
				GCC_WARN_UNDECLARED_SELECTOR = YES;
				GCC_WARN_UNINITIALIZED_AUTOS = YES_AGGRESSIVE;
				GCC_WARN_UNUSED_FUNCTION = YES;
				GCC_WARN_UNUSED_VARIABLE = YES;
				IPHONEOS_DEPLOYMENT_TARGET = 8.0;
				METAL_ENABLE_DEBUG_INFO = NO;
				SDKROOT = iphoneos;
				VALIDATE_PRODUCT = YES;
			};
			name = Release;
		};
		F9E944E0193E2272008781F4 /* Debug */ = {
			isa = XCBuildConfiguration;
			buildSettings = {
				ASSETCATALOG_COMPILER_APPICON_NAME = AppIcon;
				ASSETCATALOG_COMPILER_LAUNCHIMAGE_NAME = LaunchImage;
				INFOPLIST_FILE = Morse/Info.plist;
				LD_RUNPATH_SEARCH_PATHS = "$(inherited) @executable_path/Frameworks";
				PRODUCT_NAME = "$(TARGET_NAME)";
			};
			name = Debug;
		};
		F9E944E1193E2272008781F4 /* Release */ = {
			isa = XCBuildConfiguration;
			buildSettings = {
				ASSETCATALOG_COMPILER_APPICON_NAME = AppIcon;
				ASSETCATALOG_COMPILER_LAUNCHIMAGE_NAME = LaunchImage;
				INFOPLIST_FILE = Morse/Info.plist;
				LD_RUNPATH_SEARCH_PATHS = "$(inherited) @executable_path/Frameworks";
				PRODUCT_NAME = "$(TARGET_NAME)";
			};
			name = Release;
		};
		F9E944E3193E2272008781F4 /* Debug */ = {
			isa = XCBuildConfiguration;
			buildSettings = {
				BUNDLE_LOADER = "$(BUILT_PRODUCTS_DIR)/Morse.app/Morse";
				FRAMEWORK_SEARCH_PATHS = (
					"$(SDKROOT)/Developer/Library/Frameworks",
					"$(inherited)",
				);
				GCC_PREPROCESSOR_DEFINITIONS = (
					"DEBUG=1",
					"$(inherited)",
				);
				INFOPLIST_FILE = MorseTests/Info.plist;
				LD_RUNPATH_SEARCH_PATHS = "$(inherited) @executable_path/Frameworks @loader_path/Frameworks";
				METAL_ENABLE_DEBUG_INFO = YES;
				PRODUCT_NAME = "$(TARGET_NAME)";
				TEST_HOST = "$(BUNDLE_LOADER)";
			};
			name = Debug;
		};
		F9E944E4193E2272008781F4 /* Release */ = {
			isa = XCBuildConfiguration;
			buildSettings = {
				BUNDLE_LOADER = "$(BUILT_PRODUCTS_DIR)/Morse.app/Morse";
				FRAMEWORK_SEARCH_PATHS = (
					"$(SDKROOT)/Developer/Library/Frameworks",
					"$(inherited)",
				);
				INFOPLIST_FILE = MorseTests/Info.plist;
				LD_RUNPATH_SEARCH_PATHS = "$(inherited) @executable_path/Frameworks @loader_path/Frameworks";
				METAL_ENABLE_DEBUG_INFO = NO;
				PRODUCT_NAME = "$(TARGET_NAME)";
				TEST_HOST = "$(BUNDLE_LOADER)";
			};
			name = Release;
		};
/* End XCBuildConfiguration section */

/* Begin XCConfigurationList section */
		F9E944BE193E2272008781F4 /* Build configuration list for PBXProject "Morse" */ = {
			isa = XCConfigurationList;
			buildConfigurations = (
				F9E944DD193E2272008781F4 /* Debug */,
				F9E944DE193E2272008781F4 /* Release */,
			);
			defaultConfigurationIsVisible = 0;
			defaultConfigurationName = Release;
		};
		F9E944DF193E2272008781F4 /* Build configuration list for PBXNativeTarget "Morse" */ = {
			isa = XCConfigurationList;
			buildConfigurations = (
				F9E944E0193E2272008781F4 /* Debug */,
				F9E944E1193E2272008781F4 /* Release */,
			);
			defaultConfigurationIsVisible = 0;
		};
		F9E944E2193E2272008781F4 /* Build configuration list for PBXNativeTarget "MorseTests" */ = {
			isa = XCConfigurationList;
			buildConfigurations = (
				F9E944E3193E2272008781F4 /* Debug */,
				F9E944E4193E2272008781F4 /* Release */,
			);
			defaultConfigurationIsVisible = 0;
		};
/* End XCConfigurationList section */
	};
	rootObject = F9E944BB193E2272008781F4 /* Project object */;
}
